PODS:
  - Flutter (1.0.0)
  - integration_test (0.0.1):
    - Flutter
  - local_country_code (0.0.1):
    - Flutter

DEPENDENCIES:
  - Flutter (from `Flutter`)
  - integration_test (from `.symlinks/plugins/integration_test/ios`)
  - local_country_code (from `.symlinks/plugins/local_country_code/ios`)

EXTERNAL SOURCES:
  Flutter:
    :path: Flutter
  integration_test:
    :path: ".symlinks/plugins/integration_test/ios"
  local_country_code:
    :path: ".symlinks/plugins/local_country_code/ios"

SPEC CHECKSUMS:
  Flutter: e0871f40cf51350855a761d2e70bf5af5b9b5de7
  integration_test: 13825b8a9334a850581300559b8839134b124670
  local_country_code: f863939326c03c0e4ed73297c1d417c73f85b1ba

PODFILE CHECKSUM: 819463e6a0290f5a72f145ba7cde16e8b6ef0796

COCOAPODS: 1.15.2
